
Microsoft Visual Studio Solution File, Format Version 12.00
# Visual Studio Version 17
VisualStudioVersion = 17.4.33403.182
MinimumVisualStudioVersion = 10.0.40219.1
Project("{FAE04EC0-301F-11D3-BF4B-00C04F79EFBC}") = "Job task", "Job task\Job task.csproj", "{865C8D4E-1D75-461B-B4DC-A4A47826D8DC}"
EndProject
Global
	GlobalSection(SolutionConfigurationPlatforms) = preSolution
		Debug|Any CPU = Debug|Any CPU
		Release|Any CPU = Release|Any CPU
	EndGlobalSection
	GlobalSection(ProjectConfigurationPlatforms) = postSolution
		{865C8D4E-1D75-461B-B4DC-A4A47826D8DC}.Debug|Any CPU.ActiveCfg = Debug|Any CPU
		{865C8D4E-1D75-461B-B4DC-A4A47826D8DC}.Debug|Any CPU.Build.0 = Debug|Any CPU
		{865C8D4E-1D75-461B-B4DC-A4A47826D8DC}.Release|Any CPU.ActiveCfg = Release|Any CPU
		{865C8D4E-1D75-461B-B4DC-A4A47826D8DC}.Release|Any CPU.Build.0 = Release|Any CPU
	EndGlobalSection
	GlobalSection(SolutionProperties) = preSolution
		HideSolutionNode = FALSE
	EndGlobalSection
	GlobalSection(ExtensibilityGlobals) = postSolution
		SolutionGuid = {E6A74361-F391-4AA2-9F4B-5279CAB294DC}
	EndGlobalSection
EndGlobal
